
Microsoft Visual Studio Solution File, Format Version 12.00
# Visual Studio Version 16
VisualStudioVersion = 16.0.29411.108
MinimumVisualStudioVersion = 10.0.40219.1
Project("{FAE04EC0-301F-11D3-BF4B-00C04F79EFBC}") = "miniQuiz", "miniQuiz\miniQuiz.csproj", "{F499C62E-D784-4E23-93AD-E0722E843AAF}"
EndProject
Project("{FAE04EC0-301F-11D3-BF4B-00C04F79EFBC}") = "miniQuizLight", "miniQuizLight\miniQuizLight.csproj", "{D2945E69-E692-4344-9A13-5C7198D59A71}"
EndProject
Project("{FAE04EC0-301F-11D3-BF4B-00C04F79EFBC}") = "miniQuizOld", "miniQuizOld\miniQuizOld.csproj", "{5D862C56-0C67-44F9-BE44-01C9758D962A}"
EndProject
Global
	GlobalSection(SolutionConfigurationPlatforms) = preSolution
		Debug|Any CPU = Debug|Any CPU
		Debug|x64 = Debug|x64
		Release|Any CPU = Release|Any CPU
		Release|x64 = Release|x64
	EndGlobalSection
	GlobalSection(ProjectConfigurationPlatforms) = postSolution
		{F499C62E-D784-4E23-93AD-E0722E843AAF}.Debug|Any CPU.ActiveCfg = Debug|Any CPU
		{F499C62E-D784-4E23-93AD-E0722E843AAF}.Debug|Any CPU.Build.0 = Debug|Any CPU
		{F499C62E-D784-4E23-93AD-E0722E843AAF}.Debug|x64.ActiveCfg = Debug|x64
		{F499C62E-D784-4E23-93AD-E0722E843AAF}.Debug|x64.Build.0 = Debug|x64
		{F499C62E-D784-4E23-93AD-E0722E843AAF}.Release|Any CPU.ActiveCfg = Release|Any CPU
		{F499C62E-D784-4E23-93AD-E0722E843AAF}.Release|Any CPU.Build.0 = Release|Any CPU
		{F499C62E-D784-4E23-93AD-E0722E843AAF}.Release|x64.ActiveCfg = Release|x64
		{F499C62E-D784-4E23-93AD-E0722E843AAF}.Release|x64.Build.0 = Release|x64
		{D2945E69-E692-4344-9A13-5C7198D59A71}.Debug|Any CPU.ActiveCfg = Debug|Any CPU
		{D2945E69-E692-4344-9A13-5C7198D59A71}.Debug|Any CPU.Build.0 = Debug|Any CPU
		{D2945E69-E692-4344-9A13-5C7198D59A71}.Debug|x64.ActiveCfg = Debug|x64
		{D2945E69-E692-4344-9A13-5C7198D59A71}.Debug|x64.Build.0 = Debug|x64
		{D2945E69-E692-4344-9A13-5C7198D59A71}.Release|Any CPU.ActiveCfg = Release|Any CPU
		{D2945E69-E692-4344-9A13-5C7198D59A71}.Release|Any CPU.Build.0 = Release|Any CPU
		{D2945E69-E692-4344-9A13-5C7198D59A71}.Release|x64.ActiveCfg = Release|Any CPU
		{D2945E69-E692-4344-9A13-5C7198D59A71}.Release|x64.Build.0 = Release|Any CPU
		{5D862C56-0C67-44F9-BE44-01C9758D962A}.Debug|Any CPU.ActiveCfg = Debug|Any CPU
		{5D862C56-0C67-44F9-BE44-01C9758D962A}.Debug|Any CPU.Build.0 = Debug|Any CPU
		{5D862C56-0C67-44F9-BE44-01C9758D962A}.Debug|x64.ActiveCfg = Debug|x64
		{5D862C56-0C67-44F9-BE44-01C9758D962A}.Debug|x64.Build.0 = Debug|x64
		{5D862C56-0C67-44F9-BE44-01C9758D962A}.Release|Any CPU.ActiveCfg = Release|Any CPU
		{5D862C56-0C67-44F9-BE44-01C9758D962A}.Release|Any CPU.Build.0 = Release|Any CPU
		{5D862C56-0C67-44F9-BE44-01C9758D962A}.Release|x64.ActiveCfg = Release|Any CPU
		{5D862C56-0C67-44F9-BE44-01C9758D962A}.Release|x64.Build.0 = Release|Any CPU
	EndGlobalSection
	GlobalSection(SolutionProperties) = preSolution
		HideSolutionNode = FALSE
	EndGlobalSection
	GlobalSection(ExtensibilityGlobals) = postSolution
		SolutionGuid = {A1106F1D-B1AA-471B-B892-D718B14EB505}
	EndGlobalSection
EndGlobal
